# THIS IS AN AUTOGENERATED FILE. DO NOT EDIT THIS FILE DIRECTLY.
# yarn lockfile v1


detect-libc@^1.0.3:
  version "1.0.3"
  resolved "https://registry.yarnpkg.com/detect-libc/-/detect-libc-1.0.3.tgz#fa137c4bd698edf55cd5cd02ac559f91a4c4ba9b"
  integrity sha512-pGjwhsmsp4kL2RTz08wcOlGN83otlqHeD/Z5T8GXZB+/YcpQ/dgo+lbU8ZsGxV0HIvqqxo9l7mqYwyYMD9bKDg==

lightningcss-cli-darwin-arm64@1.23.0:
  version "1.23.0"
  resolved "https://registry.yarnpkg.com/lightningcss-cli-darwin-arm64/-/lightningcss-cli-darwin-arm64-1.23.0.tgz#e01606b5a0206e85a5da8b95e3f81a743a41feaa"
  integrity sha512-uZvy0I7lf5dt/Ti4egRuSpd3OEPA9I0+aQ/iXUB9pFl4enD6+EmGtfjfEwvOFgcECTO8SZW0tSaRgwhXtHz0qg==

lightningcss-cli-darwin-x64@1.23.0:
  version "1.23.0"
  resolved "https://registry.yarnpkg.com/lightningcss-cli-darwin-x64/-/lightningcss-cli-darwin-x64-1.23.0.tgz#8751f9b59e8b6eb344db3c0dc2c9c4d2b2cdec57"
  integrity sha512-VTOPUVnL+znA1LktTK5jo+3qNhaU0hUYF2u8znJr07vG0NGy8KsZffimYUvWSKi7qid6M8CGAaY9Tw6zMqIniw==

lightningcss-cli-freebsd-x64@1.23.0:
  version "1.23.0"
  resolved "https://registry.yarnpkg.com/lightningcss-cli-freebsd-x64/-/lightningcss-cli-freebsd-x64-1.23.0.tgz#0fc62cbf7e6fb589a4df3dd8fea843bcd332709e"
  integrity sha512-dPeiQjfatVfTJA06Hb2ou6jtk/mbYmBM4YLro8bh6FWMNRKmglwR12kog4Dj/2umNtbLcf4OVDe5+/UhSL+Atw==

lightningcss-cli-linux-arm-gnueabihf@1.23.0:
  version "1.23.0"
  resolved "https://registry.yarnpkg.com/lightningcss-cli-linux-arm-gnueabihf/-/lightningcss-cli-linux-arm-gnueabihf-1.23.0.tgz#e108e44444e9fa390768a8f31b851761b3a19c82"
  integrity sha512-bq7Lbn3btKbeV/6UTS0MucHF0cpnCAVUycvmTrNTB1VF0JvekUStORAhqRlhgMYsjgklGFvQSaBPX1pozYGp8Q==

lightningcss-cli-linux-arm64-gnu@1.23.0:
  version "1.23.0"
  resolved "https://registry.yarnpkg.com/lightningcss-cli-linux-arm64-gnu/-/lightningcss-cli-linux-arm64-gnu-1.23.0.tgz#03e1294eea0da23eadd9f2f6cfb9e429284c06eb"
  integrity sha512-CbRzSK4tH2KpqoFuFLAb0DZgRIA7RsYYYKrDAdsC/S0kq6VBR/rSeISsczfCtMRSBTjqYwnZAdQXQO0YQrfsrA==

lightningcss-cli-linux-arm64-musl@1.23.0:
  version "1.23.0"
  resolved "https://registry.yarnpkg.com/lightningcss-cli-linux-arm64-musl/-/lightningcss-cli-linux-arm64-musl-1.23.0.tgz#86381964e0f2bbe5f823948c47b3cd378c3f09d5"
  integrity sha512-bkhubISbHj/G3+BuOMclC+V5k82PTYuWdGAvqrMB3HOd/yIcOxP1uX3O/KLo7qxrLw0m729RCo8Lk7Cd54Z6jg==

lightningcss-cli-linux-x64-gnu@1.23.0:
  version "1.23.0"
  resolved "https://registry.yarnpkg.com/lightningcss-cli-linux-x64-gnu/-/lightningcss-cli-linux-x64-gnu-1.23.0.tgz#d72c071f9a3bb3ae3d7d6b859df740408bb95c28"
  integrity sha512-uWiB/7m1pI+UcpmrikD+r8T4b1hcjNHe43/GX2zkx+BtzzUhDwwW1/bXbatGar4K6BVDtSGP8B0diOtONsm2KQ==

lightningcss-cli-linux-x64-musl@1.23.0:
  version "1.23.0"
  resolved "https://registry.yarnpkg.com/lightningcss-cli-linux-x64-musl/-/lightningcss-cli-linux-x64-musl-1.23.0.tgz#b9ac7c65a44bc6e452b6738ac142f67a00a51eb1"
  integrity sha512-2GQKReVX2BLM+2vXdp9pUt8NzPy5PKyEU3PKNuAaKAW6gEMFRUWiISir6faSlMm6lCjEoqfrvAtrenELudhQCA==

lightningcss-cli-win32-x64-msvc@1.23.0:
  version "1.23.0"
  resolved "https://registry.yarnpkg.com/lightningcss-cli-win32-x64-msvc/-/lightningcss-cli-win32-x64-msvc-1.23.0.tgz#1ff41e9fb692d376c260e8716c5333e457608a46"
  integrity sha512-5xAaw/S1cTywwGZGBFtNSnb5YH67toEualXjlKH2RpmtaWPYvxwtXr86BCnZotAqx0KNESMjE27tIWDvYAQNKQ==

lightningcss-cli@^1.18.0:
  version "1.23.0"
  resolved "https://registry.yarnpkg.com/lightningcss-cli/-/lightningcss-cli-1.23.0.tgz#b839d1fc07fe5c16f0dd99e06b552987c6714ae6"
  integrity sha512-STwsFaVtiGwBCAl3swVvs/ido0ZzhcLFWn0KEkZv1DQNtNppJrULjqap/yaxCooDI5bfjJGj70Ne1tt3AwaQ+g==
  dependencies:
    detect-libc "^1.0.3"
  optionalDependencies:
    lightningcss-cli-darwin-arm64 "1.23.0"
    lightningcss-cli-darwin-x64 "1.23.0"
    lightningcss-cli-freebsd-x64 "1.23.0"
    lightningcss-cli-linux-arm-gnueabihf "1.23.0"
    lightningcss-cli-linux-arm64-gnu "1.23.0"
    lightningcss-cli-linux-arm64-musl "1.23.0"
    lightningcss-cli-linux-x64-gnu "1.23.0"
    lightningcss-cli-linux-x64-musl "1.23.0"
    lightningcss-cli-win32-x64-msvc "1.23.0"
